{
  "version": 4,
  "terraform_version": "1.6.0",
  "serial": 61,
  "lineage": "0b3528b7-4f1f-f6eb-682a-d2082d0a5aa4",
  "outputs": {},
  "resources": [
    {
      "mode": "managed",
      "type": "local_file",
      "name": "base",
      "provider": "provider[\"registry.terraform.io/hashicorp/local\"]",
      "instances": [
        {
          "index_key": "0",
          "schema_version": 0,
          "attributes": {
            "content": "{\"description\":\"yo ${bar}\",\"name\":\"${foo}-lorem\",\"static\":\"static\"}",
            "content_base64": null,
            "content_base64sha256": "R1JxK1k8+J7PEBmeXSwM9W80U6h8qDBB7d6cihVedDs=",
            "content_base64sha512": "vpMfylc1Q27YaWgTTbbXK7jkFCgyFRyaa5urWeE+08gasW3m8D3xcIePW4t7pz8mZQ72eESS1Juq5FF1rp/Bzw==",
            "content_md5": "c251316c1c0de25d8ffe5bc124f6be15",
            "content_sha1": "8105d95213d681e2636c47a5c9b196983ec79c51",
            "content_sha256": "4752712b593cf89ecf10199e5d2c0cf56f3453a87ca83041edde9c8a155e743b",
            "content_sha512": "be931fca5735436ed86968134db6d72bb8e4142832151c9a6b9bab59e13ed3c81ab16de6f03df170878f5b8b7ba73f26650ef6784492d49baae45175ae9fc1cf",
            "directory_permission": "0777",
            "file_permission": "0777",
            "filename": "./base/0.json",
            "id": "8105d95213d681e2636c47a5c9b196983ec79c51",
            "sensitive_content": null,
            "source": null
          },
          "sensitive_attributes": []
        }
      ]
    },
    {
      "mode": "managed",
      "type": "local_file",
      "name": "rendered",
      "provider": "provider[\"registry.terraform.io/hashicorp/local\"]",
      "instances": [
        {
          "index_key": "0-0",
          "schema_version": 0,
          "attributes": {
            "content": "{\"description\":\"yo b\",\"name\":\"c-lorem\",\"static\":\"static\"}",
            "content_base64": null,
            "content_base64sha256": "BdmUC3YxpRnVxgGOQO2IuZMybDBZhV14LhAyecWWGDc=",
            "content_base64sha512": "uAJ0WsclBAJwT5DFmNt4H4uObA2edX21skNrGDBbkHptDm61FXy22k63bsmDuq0evbqwJQL5ztggFRA9jt09kQ==",
            "content_md5": "389449c48749fce47099d7698e98d881",
            "content_sha1": "df043201e4a5f5b235094182d9762c0fabfada3b",
            "content_sha256": "05d9940b7631a519d5c6018e40ed88b993326c3059855d782e103279c5961837",
            "content_sha512": "b802745ac7250402704f90c598db781f8b8e6c0d9e757db5b2436b18305b907a6d0e6eb5157cb6da4eb76ec983baad1ebdbab02502f9ced82015103d8edd3d91",
            "directory_permission": "0777",
            "file_permission": "0777",
            "filename": "./rendered/0-0.json",
            "id": "df043201e4a5f5b235094182d9762c0fabfada3b",
            "sensitive_content": null,
            "source": null
          },
          "sensitive_attributes": [],
          "dependencies": [
            "local_file.base"
          ]
        },
        {
          "index_key": "0-1",
          "schema_version": 0,
          "attributes": {
            "content": "{\"description\":\"yo d\",\"name\":\"a-lorem\",\"static\":\"static\"}",
            "content_base64": null,
            "content_base64sha256": "aCqmzJdcQimNXCFgx+oAh79aKEU1bEjeub2DV1QbyKY=",
            "content_base64sha512": "WbP395WoKfD3Cj2Wdxvxn1EyS0CRIBJ0Iy2TXvIM7WOPEmJvKZ2Q307PB8rLRs2CHe5jZXXcejj24YKxyN7H+A==",
            "content_md5": "ae53ca871a5adf3c6cb8e643e986877b",
            "content_sha1": "42eef845669ca57627cf3b639b278f6c22694080",
            "content_sha256": "682aa6cc975c42298d5c2160c7ea0087bf5a2845356c48deb9bd8357541bc8a6",
            "content_sha512": "59b3f7f795a829f0f70a3d96771bf19f51324b4091201274232d935ef20ced638f12626f299d90df4ecf07cacb46cd821dee636575dc7a38f6e182b1c8dec7f8",
            "directory_permission": "0777",
            "file_permission": "0777",
            "filename": "./rendered/0-1.json",
            "id": "42eef845669ca57627cf3b639b278f6c22694080",
            "sensitive_content": null,
            "source": null
          },
          "sensitive_attributes": [],
          "dependencies": [
            "local_file.base"
          ]
        },
        {
          "index_key": "0-2",
          "schema_version": 0,
          "attributes": {
            "content": "{\"description\":\"yo g\",\"name\":\"f-lorem\",\"static\":\"static\"}",
            "content_base64": null,
            "content_base64sha256": "+dnpxjo/ACMedaYIluLIQfNVzBOIzdoRlLBmdQBogMU=",
            "content_base64sha512": "WQ1D4C/Df41GSnSw8v51PgYO2YRbKtvhLTuSq30fjLhuWPwm/xw4fM/nXUdsg8eM/WAZjCXHNTGxcj6lfM7Flg==",
            "content_md5": "d9efa7f90d5f810bfeb0d211cee16a87",
            "content_sha1": "834661feb52ad3fa5a3e81d0ce9496b98c5ae505",
            "content_sha256": "f9d9e9c63a3f00231e75a60896e2c841f355cc1388cdda1194b06675006880c5",
            "content_sha512": "590d43e02fc37f8d464a74b0f2fe753e060ed9845b2adbe12d3b92ab7d1f8cb86e58fc26ff1c387ccfe75d476c83c78cfd60198c25c73531b1723ea57ccec596",
            "directory_permission": "0777",
            "file_permission": "0777",
            "filename": "./rendered/0-2.json",
            "id": "834661feb52ad3fa5a3e81d0ce9496b98c5ae505",
            "sensitive_content": null,
            "source": null
          },
          "sensitive_attributes": [],
          "dependencies": [
            "local_file.base"
          ]
        }
      ]
    }
  ],
  "check_results": null
}
